# This file is generated by running "yarn install" inside your project.
# Manual changes might be lost - proceed with caution!

__metadata:
  version: 6
  cacheKey: 8

"@org/tsconfig-package@file:../org-tsconfig-package::locator=root-workspace-0b6124%40workspace%3A.":
  version: 0.0.0
  resolution: "@org/tsconfig-package@file:../org-tsconfig-package#../org-tsconfig-package::hash=243ad2&locator=root-workspace-0b6124%40workspace%3A."
  checksum: d33cc7033ac67706c9ef6bdbd6cbbb55d5091d878df867e75dc7da41591e27c9a33e50bf9cbd8adce7caefdf061f55cd8dc89061cf31bf64e8097e8c053b23ee
  languageName: node
  linkType: hard

"get-tsconfig@link:../../..::locator=root-workspace-0b6124%40workspace%3A.":
  version: 0.0.0-use.local
  resolution: "get-tsconfig@link:../../..::locator=root-workspace-0b6124%40workspace%3A."
  languageName: node
  linkType: soft

"root-workspace-0b6124@workspace:.":
  version: 0.0.0-use.local
  resolution: "root-workspace-0b6124@workspace:."
  dependencies:
    "@org/tsconfig-package": ../org-tsconfig-package
    get-tsconfig: "link:../../.."
    tsconfig-package: ../tsconfig-package
  languageName: unknown
  linkType: soft

"tsconfig-package@file:../tsconfig-package::locator=root-workspace-0b6124%40workspace%3A.":
  version: 0.0.0
  resolution: "tsconfig-package@file:../tsconfig-package#../tsconfig-package::hash=abb316&locator=root-workspace-0b6124%40workspace%3A."
  checksum: 1dd2cff68271dba5a3809fb0976f82ff5ce1b27d439fa778f1a40beb1a82e09c9d1f9dee0c57d8a03ac6238d87f272b57de273b689b91329334398183d4ec233
  languageName: node
  linkType: hard
