# This file is generated by running "yarn install" inside your project.
# Manual changes might be lost - proceed with caution!

__metadata:
  version: 6

"get-tsconfig@link:../../..::locator=root-workspace-0b6124%40workspace%3A.":
  version: 0.0.0-use.local
  resolution: "get-tsconfig@link:../../..::locator=root-workspace-0b6124%40workspace%3A."
  languageName: node
  linkType: soft

"root-workspace-0b6124@workspace:.":
  version: 0.0.0-use.local
  resolution: "root-workspace-0b6124@workspace:."
  dependencies:
    get-tsconfig: "link:../../.."
    tsconfig-package: "link:../tsconfig-package"
  languageName: unknown
  linkType: soft

"tsconfig-package@link:../tsconfig-package::locator=root-workspace-0b6124%40workspace%3A.":
  version: 0.0.0-use.local
  resolution: "tsconfig-package@link:../tsconfig-package::locator=root-workspace-0b6124%40workspace%3A."
  languageName: node
  linkType: soft
